// !$*UTF8*$!
{
	archiveVersion = 1;
	classes = {
	};
	objectVersion = 56;
	objects = {

/* Begin PBXBuildFile section */
		75D2A5322A5A0A1A00674505 /* StoreAppApp.swift in Sources */ = {isa = PBXBuildFile; fileRef = 75D2A5312A5A0A1A00674505 /* StoreAppApp.swift */; };
		75D2A5342A5A0A1A00674505 /* ContentView.swift in Sources */ = {isa = PBXBuildFile; fileRef = 75D2A5332A5A0A1A00674505 /* ContentView.swift */; };
		75D2A5362A5A0A1D00674505 /* Assets.xcassets in Resources */ = {isa = PBXBuildFile; fileRef = 75D2A5352A5A0A1D00674505 /* Assets.xcassets */; };
		75D2A5392A5A0A1D00674505 /* Preview Assets.xcassets in Resources */ = {isa = PBXBuildFile; fileRef = 75D2A5382A5A0A1D00674505 /* Preview Assets.xcassets */; };
		75D2A5432A5A0B0300674505 /* Login.swift in Sources */ = {isa = PBXBuildFile; fileRef = 75D2A5422A5A0B0300674505 /* Login.swift */; };
		75D2A5452A5A0FBD00674505 /* Home.swift in Sources */ = {isa = PBXBuildFile; fileRef = 75D2A5442A5A0FBD00674505 /* Home.swift */; };
		75D2A5472A5A105500674505 /* LoginViewModel.swift in Sources */ = {isa = PBXBuildFile; fileRef = 75D2A5462A5A105500674505 /* LoginViewModel.swift */; };
		75D2A54A2A5A208000674505 /* ApiManager.swift in Sources */ = {isa = PBXBuildFile; fileRef = 75D2A5492A5A208000674505 /* ApiManager.swift */; };
		75D2A54D2A5A25F700674505 /* Token.swift in Sources */ = {isa = PBXBuildFile; fileRef = 75D2A54C2A5A25F700674505 /* Token.swift */; };
		75D2A54F2A5A363700674505 /* LoginRequestBody.swift in Sources */ = {isa = PBXBuildFile; fileRef = 75D2A54E2A5A363700674505 /* LoginRequestBody.swift */; };
		75D2A5512A5A3DAD00674505 /* HomeViewModel.swift in Sources */ = {isa = PBXBuildFile; fileRef = 75D2A5502A5A3DAD00674505 /* HomeViewModel.swift */; };
		75D2A5532A5A572200674505 /* User.swift in Sources */ = {isa = PBXBuildFile; fileRef = 75D2A5522A5A572200674505 /* User.swift */; };
		75D2A5552A5A62C700674505 /* UserDetail.swift in Sources */ = {isa = PBXBuildFile; fileRef = 75D2A5542A5A62C700674505 /* UserDetail.swift */; };
		75D2A5572A5A712800674505 /* UserRegister.swift in Sources */ = {isa = PBXBuildFile; fileRef = 75D2A5562A5A712800674505 /* UserRegister.swift */; };
		75D2A5592A5A715800674505 /* UserRegisterViewModel.swift in Sources */ = {isa = PBXBuildFile; fileRef = 75D2A5582A5A715800674505 /* UserRegisterViewModel.swift */; };
		75DFFDEE2A5B2BCE0007C014 /* UserDetailViewModel.swift in Sources */ = {isa = PBXBuildFile; fileRef = 75DFFDED2A5B2BCE0007C014 /* UserDetailViewModel.swift */; };
/* End PBXBuildFile section */

/* Begin PBXFileReference section */
		75D2A52E2A5A0A1A00674505 /* StoreApp.app */ = {isa = PBXFileReference; explicitFileType = wrapper.application; includeInIndex = 0; path = StoreApp.app; sourceTree = BUILT_PRODUCTS_DIR; };
		75D2A5312A5A0A1A00674505 /* StoreAppApp.swift */ = {isa = PBXFileReference; lastKnownFileType = sourcecode.swift; path = StoreAppApp.swift; sourceTree = "<group>"; };
		75D2A5332A5A0A1A00674505 /* ContentView.swift */ = {isa = PBXFileReference; lastKnownFileType = sourcecode.swift; path = ContentView.swift; sourceTree = "<group>"; };
		75D2A5352A5A0A1D00674505 /* Assets.xcassets */ = {isa = PBXFileReference; lastKnownFileType = folder.assetcatalog; path = Assets.xcassets; sourceTree = "<group>"; };
		75D2A5382A5A0A1D00674505 /* Preview Assets.xcassets */ = {isa = PBXFileReference; lastKnownFileType = folder.assetcatalog; path = "Preview Assets.xcassets"; sourceTree = "<group>"; };
		75D2A5422A5A0B0300674505 /* Login.swift */ = {isa = PBXFileReference; lastKnownFileType = sourcecode.swift; path = Login.swift; sourceTree = "<group>"; };
		75D2A5442A5A0FBD00674505 /* Home.swift */ = {isa = PBXFileReference; lastKnownFileType = sourcecode.swift; path = Home.swift; sourceTree = "<group>"; };
		75D2A5462A5A105500674505 /* LoginViewModel.swift */ = {isa = PBXFileReference; lastKnownFileType = sourcecode.swift; path = LoginViewModel.swift; sourceTree = "<group>"; };
		75D2A5492A5A208000674505 /* ApiManager.swift */ = {isa = PBXFileReference; lastKnownFileType = sourcecode.swift; path = ApiManager.swift; sourceTree = "<group>"; };
		75D2A54C2A5A25F700674505 /* Token.swift */ = {isa = PBXFileReference; lastKnownFileType = sourcecode.swift; path = Token.swift; sourceTree = "<group>"; };
		75D2A54E2A5A363700674505 /* LoginRequestBody.swift */ = {isa = PBXFileReference; lastKnownFileType = sourcecode.swift; path = LoginRequestBody.swift; sourceTree = "<group>"; };
		75D2A5502A5A3DAD00674505 /* HomeViewModel.swift */ = {isa = PBXFileReference; lastKnownFileType = sourcecode.swift; path = HomeViewModel.swift; sourceTree = "<group>"; };
		75D2A5522A5A572200674505 /* User.swift */ = {isa = PBXFileReference; lastKnownFileType = sourcecode.swift; path = User.swift; sourceTree = "<group>"; };
		75D2A5542A5A62C700674505 /* UserDetail.swift */ = {isa = PBXFileReference; lastKnownFileType = sourcecode.swift; path = UserDetail.swift; sourceTree = "<group>"; };
		75D2A5562A5A712800674505 /* UserRegister.swift */ = {isa = PBXFileReference; lastKnownFileType = sourcecode.swift; path = UserRegister.swift; sourceTree = "<group>"; };
		75D2A5582A5A715800674505 /* UserRegisterViewModel.swift */ = {isa = PBXFileReference; lastKnownFileType = sourcecode.swift; path = UserRegisterViewModel.swift; sourceTree = "<group>"; };
		75DFFDED2A5B2BCE0007C014 /* UserDetailViewModel.swift */ = {isa = PBXFileReference; lastKnownFileType = sourcecode.swift; path = UserDetailViewModel.swift; sourceTree = "<group>"; };
/* End PBXFileReference section */

/* Begin PBXFrameworksBuildPhase section */
		75D2A52B2A5A0A1A00674505 /* Frameworks */ = {
			isa = PBXFrameworksBuildPhase;
			buildActionMask = 2147483647;
			files = (
			);
			runOnlyForDeploymentPostprocessing = 0;
		};
/* End PBXFrameworksBuildPhase section */

/* Begin PBXGroup section */
		75D2A5252A5A0A1A00674505 = {
			isa = PBXGroup;
			children = (
				75D2A5302A5A0A1A00674505 /* StoreApp */,
				75D2A52F2A5A0A1A00674505 /* Products */,
			);
			sourceTree = "<group>";
		};
		75D2A52F2A5A0A1A00674505 /* Products */ = {
			isa = PBXGroup;
			children = (
				75D2A52E2A5A0A1A00674505 /* StoreApp.app */,
			);
			name = Products;
			sourceTree = "<group>";
		};
		75D2A5302A5A0A1A00674505 /* StoreApp */ = {
			isa = PBXGroup;
			children = (
				75D2A5412A5A0ADF00674505 /* View */,
				75D2A5402A5A0AD500674505 /* ViewModel */,
				75D2A5482A5A1F8E00674505 /* Repository */,
				75D2A53F2A5A0ACE00674505 /* Model */,
				75D2A5312A5A0A1A00674505 /* StoreAppApp.swift */,
				75D2A5332A5A0A1A00674505 /* ContentView.swift */,
				75D2A5352A5A0A1D00674505 /* Assets.xcassets */,
				75D2A5372A5A0A1D00674505 /* Preview Content */,
			);
			path = StoreApp;
			sourceTree = "<group>";
		};
		75D2A5372A5A0A1D00674505 /* Preview Content */ = {
			isa = PBXGroup;
			children = (
				75D2A5382A5A0A1D00674505 /* Preview Assets.xcassets */,
			);
			path = "Preview Content";
			sourceTree = "<group>";
		};
		75D2A53F2A5A0ACE00674505 /* Model */ = {
			isa = PBXGroup;
			children = (
				75D2A54C2A5A25F700674505 /* Token.swift */,
				75D2A54E2A5A363700674505 /* LoginRequestBody.swift */,
				75D2A5522A5A572200674505 /* User.swift */,
			);
			path = Model;
			sourceTree = "<group>";
		};
		75D2A5402A5A0AD500674505 /* ViewModel */ = {
			isa = PBXGroup;
			children = (
				75D2A5462A5A105500674505 /* LoginViewModel.swift */,
				75D2A5502A5A3DAD00674505 /* HomeViewModel.swift */,
				75D2A5582A5A715800674505 /* UserRegisterViewModel.swift */,
				75DFFDED2A5B2BCE0007C014 /* UserDetailViewModel.swift */,
			);
			path = ViewModel;
			sourceTree = "<group>";
		};
		75D2A5412A5A0ADF00674505 /* View */ = {
			isa = PBXGroup;
			children = (
				75D2A5422A5A0B0300674505 /* Login.swift */,
				75D2A5442A5A0FBD00674505 /* Home.swift */,
				75D2A5542A5A62C700674505 /* UserDetail.swift */,
				75D2A5562A5A712800674505 /* UserRegister.swift */,
			);
			path = View;
			sourceTree = "<group>";
		};
		75D2A5482A5A1F8E00674505 /* Repository */ = {
			isa = PBXGroup;
			children = (
				75D2A5492A5A208000674505 /* ApiManager.swift */,
			);
			path = Repository;
			sourceTree = "<group>";
		};
/* End PBXGroup section */

/* Begin PBXNativeTarget section */
		75D2A52D2A5A0A1A00674505 /* StoreApp */ = {
			isa = PBXNativeTarget;
			buildConfigurationList = 75D2A53C2A5A0A1D00674505 /* Build configuration list for PBXNativeTarget "StoreApp" */;
			buildPhases = (
				75D2A52A2A5A0A1A00674505 /* Sources */,
				75D2A52B2A5A0A1A00674505 /* Frameworks */,
				75D2A52C2A5A0A1A00674505 /* Resources */,
			);
			buildRules = (
			);
			dependencies = (
			);
			name = StoreApp;
			productName = StoreApp;
			productReference = 75D2A52E2A5A0A1A00674505 /* StoreApp.app */;
			productType = "com.apple.product-type.application";
		};
/* End PBXNativeTarget section */

/* Begin PBXProject section */
		75D2A5262A5A0A1A00674505 /* Project object */ = {
			isa = PBXProject;
			attributes = {
				BuildIndependentTargetsInParallel = 1;
				LastSwiftUpdateCheck = 1430;
				LastUpgradeCheck = 1430;
				TargetAttributes = {
					75D2A52D2A5A0A1A00674505 = {
						CreatedOnToolsVersion = 14.3.1;
					};
				};
			};
			buildConfigurationList = 75D2A5292A5A0A1A00674505 /* Build configuration list for PBXProject "StoreApp" */;
			compatibilityVersion = "Xcode 14.0";
			developmentRegion = en;
			hasScannedForEncodings = 0;
			knownRegions = (
				en,
				Base,
			);
			mainGroup = 75D2A5252A5A0A1A00674505;
			productRefGroup = 75D2A52F2A5A0A1A00674505 /* Products */;
			projectDirPath = "";
			projectRoot = "";
			targets = (
				75D2A52D2A5A0A1A00674505 /* StoreApp */,
			);
		};
/* End PBXProject section */

/* Begin PBXResourcesBuildPhase section */
		75D2A52C2A5A0A1A00674505 /* Resources */ = {
			isa = PBXResourcesBuildPhase;
			buildActionMask = 2147483647;
			files = (
				75D2A5392A5A0A1D00674505 /* Preview Assets.xcassets in Resources */,
				75D2A5362A5A0A1D00674505 /* Assets.xcassets in Resources */,
			);
			runOnlyForDeploymentPostprocessing = 0;
		};
/* End PBXResourcesBuildPhase section */

/* Begin PBXSourcesBuildPhase section */
		75D2A52A2A5A0A1A00674505 /* Sources */ = {
			isa = PBXSourcesBuildPhase;
			buildActionMask = 2147483647;
			files = (
				75D2A5432A5A0B0300674505 /* Login.swift in Sources */,
				75D2A5512A5A3DAD00674505 /* HomeViewModel.swift in Sources */,
				75D2A5592A5A715800674505 /* UserRegisterViewModel.swift in Sources */,
				75D2A54F2A5A363700674505 /* LoginRequestBody.swift in Sources */,
				75D2A54D2A5A25F700674505 /* Token.swift in Sources */,
				75D2A5552A5A62C700674505 /* UserDetail.swift in Sources */,
				75D2A5342A5A0A1A00674505 /* ContentView.swift in Sources */,
				75D2A5452A5A0FBD00674505 /* Home.swift in Sources */,
				75D2A5472A5A105500674505 /* LoginViewModel.swift in Sources */,
				75D2A54A2A5A208000674505 /* ApiManager.swift in Sources */,
				75D2A5572A5A712800674505 /* UserRegister.swift in Sources */,
				75D2A5532A5A572200674505 /* User.swift in Sources */,
				75DFFDEE2A5B2BCE0007C014 /* UserDetailViewModel.swift in Sources */,
				75D2A5322A5A0A1A00674505 /* StoreAppApp.swift in Sources */,
			);
			runOnlyForDeploymentPostprocessing = 0;
		};
/* End PBXSourcesBuildPhase section */

/* Begin XCBuildConfiguration section */
		75D2A53A2A5A0A1D00674505 /* Debug */ = {
			isa = XCBuildConfiguration;
			buildSettings = {
				ALWAYS_SEARCH_USER_PATHS = NO;
				CLANG_ANALYZER_NONNULL = YES;
				CLANG_ANALYZER_NUMBER_OBJECT_CONVERSION = YES_AGGRESSIVE;
				CLANG_CXX_LANGUAGE_STANDARD = "gnu++20";
				CLANG_ENABLE_MODULES = YES;
				CLANG_ENABLE_OBJC_ARC = YES;
				CLANG_ENABLE_OBJC_WEAK = YES;
				CLANG_WARN_BLOCK_CAPTURE_AUTORELEASING = YES;
				CLANG_WARN_BOOL_CONVERSION = YES;
				CLANG_WARN_COMMA = YES;
				CLANG_WARN_CONSTANT_CONVERSION = YES;
				CLANG_WARN_DEPRECATED_OBJC_IMPLEMENTATIONS = YES;
				CLANG_WARN_DIRECT_OBJC_ISA_USAGE = YES_ERROR;
				CLANG_WARN_DOCUMENTATION_COMMENTS = YES;
				CLANG_WARN_EMPTY_BODY = YES;
				CLANG_WARN_ENUM_CONVERSION = YES;
				CLANG_WARN_INFINITE_RECURSION = YES;
				CLANG_WARN_INT_CONVERSION = YES;
				CLANG_WARN_NON_LITERAL_NULL_CONVERSION = YES;
				CLANG_WARN_OBJC_IMPLICIT_RETAIN_SELF = YES;
				CLANG_WARN_OBJC_LITERAL_CONVERSION = YES;
				CLANG_WARN_OBJC_ROOT_CLASS = YES_ERROR;
				CLANG_WARN_QUOTED_INCLUDE_IN_FRAMEWORK_HEADER = YES;
				CLANG_WARN_RANGE_LOOP_ANALYSIS = YES;
				CLANG_WARN_STRICT_PROTOTYPES = YES;
				CLANG_WARN_SUSPICIOUS_MOVE = YES;
				CLANG_WARN_UNGUARDED_AVAILABILITY = YES_AGGRESSIVE;
				CLANG_WARN_UNREACHABLE_CODE = YES;
				CLANG_WARN__DUPLICATE_METHOD_MATCH = YES;
				COPY_PHASE_STRIP = NO;
				DEBUG_INFORMATION_FORMAT = dwarf;
				ENABLE_STRICT_OBJC_MSGSEND = YES;
				ENABLE_TESTABILITY = YES;
				GCC_C_LANGUAGE_STANDARD = gnu11;
				GCC_DYNAMIC_NO_PIC = NO;
				GCC_NO_COMMON_BLOCKS = YES;
				GCC_OPTIMIZATION_LEVEL = 0;
				GCC_PREPROCESSOR_DEFINITIONS = (
					"DEBUG=1",
					"$(inherited)",
				);
				GCC_WARN_64_TO_32_BIT_CONVERSION = YES;
				GCC_WARN_ABOUT_RETURN_TYPE = YES_ERROR;
				GCC_WARN_UNDECLARED_SELECTOR = YES;
				GCC_WARN_UNINITIALIZED_AUTOS = YES_AGGRESSIVE;
				GCC_WARN_UNUSED_FUNCTION = YES;
				GCC_WARN_UNUSED_VARIABLE = YES;
				IPHONEOS_DEPLOYMENT_TARGET = 16.4;
				MTL_ENABLE_DEBUG_INFO = INCLUDE_SOURCE;
				MTL_FAST_MATH = YES;
				ONLY_ACTIVE_ARCH = YES;
				SDKROOT = iphoneos;
				SWIFT_ACTIVE_COMPILATION_CONDITIONS = DEBUG;
				SWIFT_OPTIMIZATION_LEVEL = "-Onone";
			};
			name = Debug;
		};
		75D2A53B2A5A0A1D00674505 /* Release */ = {
			isa = XCBuildConfiguration;
			buildSettings = {
				ALWAYS_SEARCH_USER_PATHS = NO;
				CLANG_ANALYZER_NONNULL = YES;
				CLANG_ANALYZER_NUMBER_OBJECT_CONVERSION = YES_AGGRESSIVE;
				CLANG_CXX_LANGUAGE_STANDARD = "gnu++20";
				CLANG_ENABLE_MODULES = YES;
				CLANG_ENABLE_OBJC_ARC = YES;
				CLANG_ENABLE_OBJC_WEAK = YES;
				CLANG_WARN_BLOCK_CAPTURE_AUTORELEASING = YES;
				CLANG_WARN_BOOL_CONVERSION = YES;
				CLANG_WARN_COMMA = YES;
				CLANG_WARN_CONSTANT_CONVERSION = YES;
				CLANG_WARN_DEPRECATED_OBJC_IMPLEMENTATIONS = YES;
				CLANG_WARN_DIRECT_OBJC_ISA_USAGE = YES_ERROR;
				CLANG_WARN_DOCUMENTATION_COMMENTS = YES;
				CLANG_WARN_EMPTY_BODY = YES;
				CLANG_WARN_ENUM_CONVERSION = YES;
				CLANG_WARN_INFINITE_RECURSION = YES;
				CLANG_WARN_INT_CONVERSION = YES;
				CLANG_WARN_NON_LITERAL_NULL_CONVERSION = YES;
				CLANG_WARN_OBJC_IMPLICIT_RETAIN_SELF = YES;
				CLANG_WARN_OBJC_LITERAL_CONVERSION = YES;
				CLANG_WARN_OBJC_ROOT_CLASS = YES_ERROR;
				CLANG_WARN_QUOTED_INCLUDE_IN_FRAMEWORK_HEADER = YES;
				CLANG_WARN_RANGE_LOOP_ANALYSIS = YES;
				CLANG_WARN_STRICT_PROTOTYPES = YES;
				CLANG_WARN_SUSPICIOUS_MOVE = YES;
				CLANG_WARN_UNGUARDED_AVAILABILITY = YES_AGGRESSIVE;
				CLANG_WARN_UNREACHABLE_CODE = YES;
				CLANG_WARN__DUPLICATE_METHOD_MATCH = YES;
				COPY_PHASE_STRIP = NO;
				DEBUG_INFORMATION_FORMAT = "dwarf-with-dsym";
				ENABLE_NS_ASSERTIONS = NO;
				ENABLE_STRICT_OBJC_MSGSEND = YES;
				GCC_C_LANGUAGE_STANDARD = gnu11;
				GCC_NO_COMMON_BLOCKS = YES;
				GCC_WARN_64_TO_32_BIT_CONVERSION = YES;
				GCC_WARN_ABOUT_RETURN_TYPE = YES_ERROR;
				GCC_WARN_UNDECLARED_SELECTOR = YES;
				GCC_WARN_UNINITIALIZED_AUTOS = YES_AGGRESSIVE;
				GCC_WARN_UNUSED_FUNCTION = YES;
				GCC_WARN_UNUSED_VARIABLE = YES;
				IPHONEOS_DEPLOYMENT_TARGET = 16.4;
				MTL_ENABLE_DEBUG_INFO = NO;
				MTL_FAST_MATH = YES;
				SDKROOT = iphoneos;
				SWIFT_COMPILATION_MODE = wholemodule;
				SWIFT_OPTIMIZATION_LEVEL = "-O";
				VALIDATE_PRODUCT = YES;
			};
			name = Release;
		};
		75D2A53D2A5A0A1D00674505 /* Debug */ = {
			isa = XCBuildConfiguration;
			buildSettings = {
				ASSETCATALOG_COMPILER_APPICON_NAME = AppIcon;
				ASSETCATALOG_COMPILER_GLOBAL_ACCENT_COLOR_NAME = AccentColor;
				CODE_SIGN_STYLE = Automatic;
				CURRENT_PROJECT_VERSION = 1;
				DEVELOPMENT_ASSET_PATHS = "\"StoreApp/Preview Content\"";
				DEVELOPMENT_TEAM = "";
				ENABLE_PREVIEWS = YES;
				GENERATE_INFOPLIST_FILE = YES;
				INFOPLIST_KEY_UIApplicationSceneManifest_Generation = YES;
				INFOPLIST_KEY_UIApplicationSupportsIndirectInputEvents = YES;
				INFOPLIST_KEY_UILaunchScreen_Generation = YES;
				INFOPLIST_KEY_UISupportedInterfaceOrientations_iPad = "UIInterfaceOrientationPortrait UIInterfaceOrientationPortraitUpsideDown UIInterfaceOrientationLandscapeLeft UIInterfaceOrientationLandscapeRight";
				INFOPLIST_KEY_UISupportedInterfaceOrientations_iPhone = "UIInterfaceOrientationPortrait UIInterfaceOrientationLandscapeLeft UIInterfaceOrientationLandscapeRight";
				IPHONEOS_DEPLOYMENT_TARGET = 15.0;
				LD_RUNPATH_SEARCH_PATHS = (
					"$(inherited)",
					"@executable_path/Frameworks",
				);
				MARKETING_VERSION = 1.0;
				PRODUCT_BUNDLE_IDENTIFIER = com.example.StoreApp;
				PRODUCT_NAME = "$(TARGET_NAME)";
				SWIFT_EMIT_LOC_STRINGS = YES;
				SWIFT_VERSION = 5.0;
				TARGETED_DEVICE_FAMILY = "1,2";
			};
			name = Debug;
		};
		75D2A53E2A5A0A1D00674505 /* Release */ = {
			isa = XCBuildConfiguration;
			buildSettings = {
				ASSETCATALOG_COMPILER_APPICON_NAME = AppIcon;
				ASSETCATALOG_COMPILER_GLOBAL_ACCENT_COLOR_NAME = AccentColor;
				CODE_SIGN_STYLE = Automatic;
				CURRENT_PROJECT_VERSION = 1;
				DEVELOPMENT_ASSET_PATHS = "\"StoreApp/Preview Content\"";
				DEVELOPMENT_TEAM = "";
				ENABLE_PREVIEWS = YES;
				GENERATE_INFOPLIST_FILE = YES;
				INFOPLIST_KEY_UIApplicationSceneManifest_Generation = YES;
				INFOPLIST_KEY_UIApplicationSupportsIndirectInputEvents = YES;
				INFOPLIST_KEY_UILaunchScreen_Generation = YES;
				INFOPLIST_KEY_UISupportedInterfaceOrientations_iPad = "UIInterfaceOrientationPortrait UIInterfaceOrientationPortraitUpsideDown UIInterfaceOrientationLandscapeLeft UIInterfaceOrientationLandscapeRight";
				INFOPLIST_KEY_UISupportedInterfaceOrientations_iPhone = "UIInterfaceOrientationPortrait UIInterfaceOrientationLandscapeLeft UIInterfaceOrientationLandscapeRight";
				IPHONEOS_DEPLOYMENT_TARGET = 15.0;
				LD_RUNPATH_SEARCH_PATHS = (
					"$(inherited)",
					"@executable_path/Frameworks",
				);
				MARKETING_VERSION = 1.0;
				PRODUCT_BUNDLE_IDENTIFIER = com.example.StoreApp;
				PRODUCT_NAME = "$(TARGET_NAME)";
				SWIFT_EMIT_LOC_STRINGS = YES;
				SWIFT_VERSION = 5.0;
				TARGETED_DEVICE_FAMILY = "1,2";
			};
			name = Release;
		};
/* End XCBuildConfiguration section */

/* Begin XCConfigurationList section */
		75D2A5292A5A0A1A00674505 /* Build configuration list for PBXProject "StoreApp" */ = {
			isa = XCConfigurationList;
			buildConfigurations = (
				75D2A53A2A5A0A1D00674505 /* Debug */,
				75D2A53B2A5A0A1D00674505 /* Release */,
			);
			defaultConfigurationIsVisible = 0;
			defaultConfigurationName = Release;
		};
		75D2A53C2A5A0A1D00674505 /* Build configuration list for PBXNativeTarget "StoreApp" */ = {
			isa = XCConfigurationList;
			buildConfigurations = (
				75D2A53D2A5A0A1D00674505 /* Debug */,
				75D2A53E2A5A0A1D00674505 /* Release */,
			);
			defaultConfigurationIsVisible = 0;
			defaultConfigurationName = Release;
		};
/* End XCConfigurationList section */
	};
	rootObject = 75D2A5262A5A0A1A00674505 /* Project object */;
}
